{
  "name": "@sonsong/prompt-coach",
  "version": "0.1.0",
  "lockfileVersion": 3,
  "requires": true,
  "packages": {
    "": {
      "name": "@sonsong/prompt-coach",
      "version": "0.1.0",
      "license": "MIT",
      "devDependencies": {
        "typebox": "1.3.27"
      },
      "peerDependencies": {
        "typebox": "*"
      }
    },
    "node_modules/typebox": {
      "version": "1.3.27",
      "resolved": "https://registry.npmjs.org/typebox/-/typebox-1.3.27.tgz",
      "integrity": "sha512-zu+jc1pcy4UiNThxikUr36f0Rybk9PEeCg/NE6adeWr/SKsdNO4EzZHYRDlv2YCVAfj3Odq3dESSo/jNyoBXzA==",
      "dev": true,
      "license": "MIT"
    }
  }
}
